
Microsoft Visual Studio Solution File, Format Version 12.00
# Visual Studio Version 16
VisualStudioVersion = 16.0.31112.23
MinimumVisualStudioVersion = 10.0.40219.1
Project("{FAE04EC0-301F-11D3-BF4B-00C04F79EFBC}") = "FinalBackEndProjectTask", "FinalBackEndProjectTask.csproj", "{EF52380A-A42D-434C-9FA6-28B92F508A20}"
EndProject
Global
	GlobalSection(SolutionConfigurationPlatforms) = preSolution
		Debug|Any CPU = Debug|Any CPU
		Release|Any CPU = Release|Any CPU
	EndGlobalSection
	GlobalSection(ProjectConfigurationPlatforms) = postSolution
		{EF52380A-A42D-434C-9FA6-28B92F508A20}.Debug|Any CPU.ActiveCfg = Debug|Any CPU
		{EF52380A-A42D-434C-9FA6-28B92F508A20}.Debug|Any CPU.Build.0 = Debug|Any CPU
		{EF52380A-A42D-434C-9FA6-28B92F508A20}.Release|Any CPU.ActiveCfg = Release|Any CPU
		{EF52380A-A42D-434C-9FA6-28B92F508A20}.Release|Any CPU.Build.0 = Release|Any CPU
	EndGlobalSection
	GlobalSection(SolutionProperties) = preSolution
		HideSolutionNode = FALSE
	EndGlobalSection
	GlobalSection(ExtensibilityGlobals) = postSolution
		SolutionGuid = {DD3986FA-235A-46EE-868D-8FF216777B91}
	EndGlobalSection
EndGlobal
